// !$*UTF8*$!
{
	archiveVersion = 1;
	classes = {
	};
	objectVersion = 46;
	objects = {

/* Begin PBXBuildFile section */
		100BBAC017D6976E00ADE983 /* star.jpg in Resources */ = {isa = PBXBuildFile; fileRef = 100BBABF17D6976E00ADE983 /* star.jpg */; };
		100BBAC217D6977C00ADE983 /* star.obj in Resources */ = {isa = PBXBuildFile; fileRef = 100BBAC117D6977C00ADE983 /* star.obj */; };
		1018D38617C7A67A009494D8 /* sphere.obj in Resources */ = {isa = PBXBuildFile; fileRef = 1018D38517C7A67A009494D8 /* sphere.obj */; };
		1018D38817C7D0E8009494D8 /* sphere.jpg in Resources */ = {isa = PBXBuildFile; fileRef = 1018D38717C7D0E8009494D8 /* sphere.jpg */; };
		1018D38B17C7DE77009494D8 /* JJCharacterTests.mm in Sources */ = {isa = PBXBuildFile; fileRef = 1018D38A17C7DE77009494D8 /* JJCharacterTests.mm */; };
		1023A89217CF96D5007659CE /* circle.jpg in Resources */ = {isa = PBXBuildFile; fileRef = 1023A89117CF96D5007659CE /* circle.jpg */; };
		1023A89417CF96DF007659CE /* circle.obj in Resources */ = {isa = PBXBuildFile; fileRef = 1023A89317CF96DF007659CE /* circle.obj */; };
		103552EB17D0E37800FFB359 /* star.fsh in Resources */ = {isa = PBXBuildFile; fileRef = 61D3A34E17D0A4AE0050E34E /* star.fsh */; };
		103552EC17D0E37800FFB359 /* star.vsh in Resources */ = {isa = PBXBuildFile; fileRef = 61D3A35017D0A6E90050E34E /* star.vsh */; };
		103F046917C665CD004A357E /* eye.jpg in Resources */ = {isa = PBXBuildFile; fileRef = 103F046817C665CD004A357E /* eye.jpg */; };
		103F046F17C696EC004A357E /* eye.obj in Resources */ = {isa = PBXBuildFile; fileRef = 103F046E17C696EC004A357E /* eye.obj */; };
		109709F717B6774600B51086 /* metal.tga in Resources */ = {isa = PBXBuildFile; fileRef = 109709F617B6774600B51086 /* metal.tga */; };
		109709F817B6774600B51086 /* metal.tga in Resources */ = {isa = PBXBuildFile; fileRef = 109709F617B6774600B51086 /* metal.tga */; };
		10970A0617B6E58A00B51086 /* cube.obj in Resources */ = {isa = PBXBuildFile; fileRef = 10970A0517B6E58A00B51086 /* cube.obj */; };
		10970A0717B6E58A00B51086 /* cube.obj in Resources */ = {isa = PBXBuildFile; fileRef = 10970A0517B6E58A00B51086 /* cube.obj */; };
		10989BE317B2FDD4005B5599 /* Football.obj in Resources */ = {isa = PBXBuildFile; fileRef = 10989BE217B2FDD4005B5599 /* Football.obj */; };
		10BE5C2E17BE868E00F5A07B /* cube.jpg in Resources */ = {isa = PBXBuildFile; fileRef = 10BE5C2D17BE868E00F5A07B /* cube.jpg */; };
		10BE5C3417BE879200F5A07B /* JJObjectManager.mm in Sources */ = {isa = PBXBuildFile; fileRef = 10BE5C3317BE879200F5A07B /* JJObjectManager.mm */; };
		10BE5C3617BE8E5F00F5A07B /* floor.jpg in Resources */ = {isa = PBXBuildFile; fileRef = 10BE5C3517BE8E5F00F5A07B /* floor.jpg */; };
		10BE5C3817BE8F4E00F5A07B /* floor.obj in Resources */ = {isa = PBXBuildFile; fileRef = 10BE5C3717BE8F4E00F5A07B /* floor.obj */; };
		10BE5C3B17BECA4D00F5A07B /* JJMapGenerator.mm in Sources */ = {isa = PBXBuildFile; fileRef = 10BE5C3A17BECA4D00F5A07B /* JJMapGenerator.mm */; };
		10C3A91617CE745400003884 /* ball.jpg in Resources */ = {isa = PBXBuildFile; fileRef = 10C3A91517CE745400003884 /* ball.jpg */; };
		10C3A91817CE745D00003884 /* ball.obj in Resources */ = {isa = PBXBuildFile; fileRef = 10C3A91717CE745D00003884 /* ball.obj */; };
		10C577C517BEE9C500007FCE /* JJMapGeneratorTests.mm in Sources */ = {isa = PBXBuildFile; fileRef = 10C577C417BEE9C500007FCE /* JJMapGeneratorTests.mm */; };
		10C6AFD617D5BF8000C87936 /* JJScore.m in Sources */ = {isa = PBXBuildFile; fileRef = 10C6AFD517D5BF7F00C87936 /* JJScore.m */; };
		10FE0170179379D3005A218E /* JJAssetManager.mm in Sources */ = {isa = PBXBuildFile; fileRef = 10FE016F179379D3005A218E /* JJAssetManager.mm */; };
		10FE017417937A0B005A218E /* JJCamera.mm in Sources */ = {isa = PBXBuildFile; fileRef = 10FE017317937A0B005A218E /* JJCamera.mm */; };
		10FE017D17937AAA005A218E /* SenTestingKit.framework in Frameworks */ = {isa = PBXBuildFile; fileRef = 10FE017C17937AAA005A218E /* SenTestingKit.framework */; };
		10FE017E17937AAA005A218E /* Cocoa.framework in Frameworks */ = {isa = PBXBuildFile; fileRef = 61D8236F178DE0B700ABF4E4 /* Cocoa.framework */; };
		10FE018417937AAA005A218E /* InfoPlist.strings in Resources */ = {isa = PBXBuildFile; fileRef = 10FE018217937AAA005A218E /* InfoPlist.strings */; };
		10FE018717937AAA005A218E /* JJCameraTests.mm in Sources */ = {isa = PBXBuildFile; fileRef = 10FE018617937AAA005A218E /* JJCameraTests.mm */; };
		10FE019517938A39005A218E /* JJAssetManagerTests.mm in Sources */ = {isa = PBXBuildFile; fileRef = 10FE019417938A39005A218E /* JJAssetManagerTests.mm */; };
		10FE019E17945ACB005A218E /* platform.png in Resources */ = {isa = PBXBuildFile; fileRef = 10FE019D17945ACB005A218E /* platform.png */; };
		10FE01A117945C28005A218E /* JJMesh.mm in Sources */ = {isa = PBXBuildFile; fileRef = 10FE01A017945C28005A218E /* JJMesh.mm */; };
		10FE01A31794BA88005A218E /* platform.obj in Resources */ = {isa = PBXBuildFile; fileRef = 10FE01A21794BA88005A218E /* platform.obj */; };
		10FE01A61794BAF5005A218E /* JJMeshTests.mm in Sources */ = {isa = PBXBuildFile; fileRef = 10FE01A51794BAF5005A218E /* JJMeshTests.mm */; };
		10FE01A91794DFC1005A218E /* JJLight.mm in Sources */ = {isa = PBXBuildFile; fileRef = 10FE01A81794DFC1005A218E /* JJLight.mm */; };
		10FE01AB1794E01A005A218E /* TODO.txt in Resources */ = {isa = PBXBuildFile; fileRef = 10FE01AA1794E01A005A218E /* TODO.txt */; };
		6130D165178EED0B004F2FA5 /* platform.vsh in Resources */ = {isa = PBXBuildFile; fileRef = 6130D164178EED0B004F2FA5 /* platform.vsh */; };
		6130D167178EEF2F004F2FA5 /* platform.fsh in Resources */ = {isa = PBXBuildFile; fileRef = 6130D166178EEF2F004F2FA5 /* platform.fsh */; };
		6154A39D17D32BD500910FBF /* JJFloor.mm in Sources */ = {isa = PBXBuildFile; fileRef = 6154A39C17D32BD500910FBF /* JJFloor.mm */; };
		6154A39E17D32BD500910FBF /* JJFloor.mm in Sources */ = {isa = PBXBuildFile; fileRef = 6154A39C17D32BD500910FBF /* JJFloor.mm */; };
		6154A3A017D32C6A00910FBF /* metal_spec.tga in Resources */ = {isa = PBXBuildFile; fileRef = 6154A39F17D32C6A00910FBF /* metal_spec.tga */; };
		6154A3A117D32C6A00910FBF /* metal_spec.tga in Resources */ = {isa = PBXBuildFile; fileRef = 6154A39F17D32C6A00910FBF /* metal_spec.tga */; };
		6154A3A317D32DD500910FBF /* floor.vsh in Sources */ = {isa = PBXBuildFile; fileRef = 6154A3A217D32DD500910FBF /* floor.vsh */; };
		6154A3A417D32DD500910FBF /* floor.vsh in Sources */ = {isa = PBXBuildFile; fileRef = 6154A3A217D32DD500910FBF /* floor.vsh */; };
		6154A3A617D32DE100910FBF /* floor.fsh in Sources */ = {isa = PBXBuildFile; fileRef = 6154A3A517D32DE100910FBF /* floor.fsh */; };
		6154A3A717D32DE100910FBF /* floor.fsh in Sources */ = {isa = PBXBuildFile; fileRef = 6154A3A517D32DE100910FBF /* floor.fsh */; };
		6154A3A817D32E4E00910FBF /* floor.vsh in Resources */ = {isa = PBXBuildFile; fileRef = 6154A3A217D32DD500910FBF /* floor.vsh */; };
		6154A3A917D32E4E00910FBF /* floor.fsh in Resources */ = {isa = PBXBuildFile; fileRef = 6154A3A517D32DE100910FBF /* floor.fsh */; };
		6154A3AE17D3336900910FBF /* character.vsh in Sources */ = {isa = PBXBuildFile; fileRef = 6154A3AD17D3336900910FBF /* character.vsh */; };
		6154A3AF17D3336900910FBF /* character.vsh in Sources */ = {isa = PBXBuildFile; fileRef = 6154A3AD17D3336900910FBF /* character.vsh */; };
		6154A3B117D3337600910FBF /* character.fsh in Sources */ = {isa = PBXBuildFile; fileRef = 6154A3B017D3337600910FBF /* character.fsh */; };
		6154A3B217D3337600910FBF /* character.fsh in Sources */ = {isa = PBXBuildFile; fileRef = 6154A3B017D3337600910FBF /* character.fsh */; };
		6154A3B317D333BD00910FBF /* character.vsh in Resources */ = {isa = PBXBuildFile; fileRef = 6154A3AD17D3336900910FBF /* character.vsh */; };
		6154A3B417D333BD00910FBF /* character.fsh in Resources */ = {isa = PBXBuildFile; fileRef = 6154A3B017D3337600910FBF /* character.fsh */; };
		61D3A34F17D0A4AF0050E34E /* star.fsh in Sources */ = {isa = PBXBuildFile; fileRef = 61D3A34E17D0A4AE0050E34E /* star.fsh */; };
		61D3A35117D0A6E90050E34E /* star.vsh in Sources */ = {isa = PBXBuildFile; fileRef = 61D3A35017D0A6E90050E34E /* star.vsh */; };
		61D82370178DE0B700ABF4E4 /* Cocoa.framework in Frameworks */ = {isa = PBXBuildFile; fileRef = 61D8236F178DE0B700ABF4E4 /* Cocoa.framework */; };
		61D8237A178DE0B700ABF4E4 /* InfoPlist.strings in Resources */ = {isa = PBXBuildFile; fileRef = 61D82378178DE0B700ABF4E4 /* InfoPlist.strings */; };
		61D8237C178DE0B700ABF4E4 /* main.mm in Sources */ = {isa = PBXBuildFile; fileRef = 61D8237B178DE0B700ABF4E4 /* main.mm */; };
		61D82380178DE0B700ABF4E4 /* Credits.rtf in Resources */ = {isa = PBXBuildFile; fileRef = 61D8237E178DE0B700ABF4E4 /* Credits.rtf */; };
		61D82383178DE0B700ABF4E4 /* AppDelegate.mm in Sources */ = {isa = PBXBuildFile; fileRef = 61D82382178DE0B700ABF4E4 /* AppDelegate.mm */; };
		61D82386178DE0B700ABF4E4 /* MainMenu.xib in Resources */ = {isa = PBXBuildFile; fileRef = 61D82384178DE0B700ABF4E4 /* MainMenu.xib */; };
		61D8238E178DE3FC00ABF4E4 /* JJGLView.mm in Sources */ = {isa = PBXBuildFile; fileRef = 61D8238D178DE3FB00ABF4E4 /* JJGLView.mm */; };
		61D82390178DE6DE00ABF4E4 /* OpenGL.framework in Frameworks */ = {isa = PBXBuildFile; fileRef = 61D8238F178DE6DE00ABF4E4 /* OpenGL.framework */; };
		61D82393178DE84700ABF4E4 /* JJShaderProgram.mm in Sources */ = {isa = PBXBuildFile; fileRef = 61D82392178DE84700ABF4E4 /* JJShaderProgram.mm */; };
		61D82396178DF9A700ABF4E4 /* JJUtilities.m in Sources */ = {isa = PBXBuildFile; fileRef = 61D82395178DF9A700ABF4E4 /* JJUtilities.m */; };
		61D8239B178DFFFC00ABF4E4 /* JJRenderedObject.mm in Sources */ = {isa = PBXBuildFile; fileRef = 61D8239A178DFFFC00ABF4E4 /* JJRenderedObject.mm */; };
		61D8239E178E11E800ABF4E4 /* JJStaticObject.mm in Sources */ = {isa = PBXBuildFile; fileRef = 61D8239D178E11E800ABF4E4 /* JJStaticObject.mm */; };
		61D823A1178E135600ABF4E4 /* JJStaticPlatform.mm in Sources */ = {isa = PBXBuildFile; fileRef = 61D823A0178E135600ABF4E4 /* JJStaticPlatform.mm */; };
		61D823A4178E137C00ABF4E4 /* JJStaticEnemy.mm in Sources */ = {isa = PBXBuildFile; fileRef = 61D823A3178E137B00ABF4E4 /* JJStaticEnemy.mm */; };
		61D823A7178E13BE00ABF4E4 /* JJDynamicObject.mm in Sources */ = {isa = PBXBuildFile; fileRef = 61D823A6178E13BE00ABF4E4 /* JJDynamicObject.mm */; };
		61D823AA178E13ED00ABF4E4 /* JJDynamicPlatform.mm in Sources */ = {isa = PBXBuildFile; fileRef = 61D823A9178E13ED00ABF4E4 /* JJDynamicPlatform.mm */; };
		61D823AD178E143300ABF4E4 /* JJDynamicEnemy.mm in Sources */ = {isa = PBXBuildFile; fileRef = 61D823AC178E143300ABF4E4 /* JJDynamicEnemy.mm */; };
		61D823B0178E149400ABF4E4 /* JJCharacter.mm in Sources */ = {isa = PBXBuildFile; fileRef = 61D823AF178E149400ABF4E4 /* JJCharacter.mm */; };
/* End PBXBuildFile section */

/* Begin PBXFileReference section */
		100BBABF17D6976E00ADE983 /* star.jpg */ = {isa = PBXFileReference; lastKnownFileType = image.jpeg; path = star.jpg; sourceTree = "<group>"; };
		100BBAC117D6977C00ADE983 /* star.obj */ = {isa = PBXFileReference; fileEncoding = 4; lastKnownFileType = text; path = star.obj; sourceTree = "<group>"; };
		1018D38517C7A67A009494D8 /* sphere.obj */ = {isa = PBXFileReference; fileEncoding = 4; lastKnownFileType = text; path = sphere.obj; sourceTree = "<group>"; };
		1018D38717C7D0E8009494D8 /* sphere.jpg */ = {isa = PBXFileReference; lastKnownFileType = image.jpeg; path = sphere.jpg; sourceTree = "<group>"; };
		1018D38917C7DE77009494D8 /* JJCharacterTests.h */ = {isa = PBXFileReference; fileEncoding = 4; lastKnownFileType = sourcecode.c.h; path = JJCharacterTests.h; sourceTree = "<group>"; };
		1018D38A17C7DE77009494D8 /* JJCharacterTests.mm */ = {isa = PBXFileReference; fileEncoding = 4; lastKnownFileType = sourcecode.cpp.objcpp; path = JJCharacterTests.mm; sourceTree = "<group>"; };
		1023A89117CF96D5007659CE /* circle.jpg */ = {isa = PBXFileReference; lastKnownFileType = image.jpeg; path = circle.jpg; sourceTree = "<group>"; };
		1023A89317CF96DF007659CE /* circle.obj */ = {isa = PBXFileReference; fileEncoding = 4; lastKnownFileType = text; path = circle.obj; sourceTree = "<group>"; };
		103F046817C665CD004A357E /* eye.jpg */ = {isa = PBXFileReference; lastKnownFileType = image.jpeg; path = eye.jpg; sourceTree = "<group>"; };
		103F046E17C696EC004A357E /* eye.obj */ = {isa = PBXFileReference; fileEncoding = 4; lastKnownFileType = text; path = eye.obj; sourceTree = "<group>"; };
		109709F517B6773200B51086 /* teapot.h */ = {isa = PBXFileReference; fileEncoding = 4; lastKnownFileType = sourcecode.c.h; path = teapot.h; sourceTree = "<group>"; };
		109709F617B6774600B51086 /* metal.tga */ = {isa = PBXFileReference; lastKnownFileType = file; path = metal.tga; sourceTree = "<group>"; };
		10970A0517B6E58A00B51086 /* cube.obj */ = {isa = PBXFileReference; fileEncoding = 4; lastKnownFileType = text; path = cube.obj; sourceTree = "<group>"; };
		10989BE217B2FDD4005B5599 /* Football.obj */ = {isa = PBXFileReference; fileEncoding = 4; lastKnownFileType = text; path = Football.obj; sourceTree = "<group>"; };
		10BE5C2D17BE868E00F5A07B /* cube.jpg */ = {isa = PBXFileReference; lastKnownFileType = image.jpeg; path = cube.jpg; sourceTree = "<group>"; };
		10BE5C3217BE879200F5A07B /* JJObjectManager.h */ = {isa = PBXFileReference; fileEncoding = 4; lastKnownFileType = sourcecode.c.h; path = JJObjectManager.h; sourceTree = "<group>"; };
		10BE5C3317BE879200F5A07B /* JJObjectManager.mm */ = {isa = PBXFileReference; fileEncoding = 4; lastKnownFileType = sourcecode.cpp.objcpp; path = JJObjectManager.mm; sourceTree = "<group>"; };
		10BE5C3517BE8E5F00F5A07B /* floor.jpg */ = {isa = PBXFileReference; lastKnownFileType = image.jpeg; path = floor.jpg; sourceTree = "<group>"; };
		10BE5C3717BE8F4E00F5A07B /* floor.obj */ = {isa = PBXFileReference; fileEncoding = 4; lastKnownFileType = text; path = floor.obj; sourceTree = "<group>"; };
		10BE5C3917BECA4D00F5A07B /* JJMapGenerator.h */ = {isa = PBXFileReference; fileEncoding = 4; lastKnownFileType = sourcecode.c.h; path = JJMapGenerator.h; sourceTree = "<group>"; };
		10BE5C3A17BECA4D00F5A07B /* JJMapGenerator.mm */ = {isa = PBXFileReference; fileEncoding = 4; lastKnownFileType = sourcecode.cpp.objcpp; path = JJMapGenerator.mm; sourceTree = "<group>"; };
		10C3A91517CE745400003884 /* ball.jpg */ = {isa = PBXFileReference; lastKnownFileType = image.jpeg; path = ball.jpg; sourceTree = "<group>"; };
		10C3A91717CE745D00003884 /* ball.obj */ = {isa = PBXFileReference; fileEncoding = 4; lastKnownFileType = text; path = ball.obj; sourceTree = "<group>"; };
		10C577C317BEE9C500007FCE /* JJMapGeneratorTests.h */ = {isa = PBXFileReference; fileEncoding = 4; lastKnownFileType = sourcecode.c.h; path = JJMapGeneratorTests.h; sourceTree = "<group>"; };
		10C577C417BEE9C500007FCE /* JJMapGeneratorTests.mm */ = {isa = PBXFileReference; fileEncoding = 4; lastKnownFileType = sourcecode.cpp.objcpp; path = JJMapGeneratorTests.mm; sourceTree = "<group>"; };
		10C577C617BEF07600007FCE /* JJMapGeneratorPrivate.h */ = {isa = PBXFileReference; lastKnownFileType = sourcecode.c.h; path = JJMapGeneratorPrivate.h; sourceTree = "<group>"; };
		10C6AFD417D5BF7F00C87936 /* JJScore.h */ = {isa = PBXFileReference; fileEncoding = 4; lastKnownFileType = sourcecode.c.h; path = JJScore.h; sourceTree = "<group>"; };
		10C6AFD517D5BF7F00C87936 /* JJScore.m */ = {isa = PBXFileReference; fileEncoding = 4; lastKnownFileType = sourcecode.c.objc; path = JJScore.m; sourceTree = "<group>"; };
		10FE016E179379D3005A218E /* JJAssetManager.h */ = {isa = PBXFileReference; fileEncoding = 4; lastKnownFileType = sourcecode.c.h; path = JJAssetManager.h; sourceTree = "<group>"; };
		10FE016F179379D3005A218E /* JJAssetManager.mm */ = {isa = PBXFileReference; fileEncoding = 4; lastKnownFileType = sourcecode.cpp.objcpp; path = JJAssetManager.mm; sourceTree = "<group>"; };
		10FE017217937A0B005A218E /* JJCamera.h */ = {isa = PBXFileReference; fileEncoding = 4; lastKnownFileType = sourcecode.c.h; path = JJCamera.h; sourceTree = "<group>"; };
		10FE017317937A0B005A218E /* JJCamera.mm */ = {isa = PBXFileReference; fileEncoding = 4; lastKnownFileType = sourcecode.cpp.objcpp; path = JJCamera.mm; sourceTree = "<group>"; };
		10FE017517937A1B005A218E /* JJCameraPrivate.h */ = {isa = PBXFileReference; lastKnownFileType = sourcecode.c.h; path = JJCameraPrivate.h; sourceTree = "<group>"; };
		10FE017B17937AAA005A218E /* JJUnitTesting.octest */ = {isa = PBXFileReference; explicitFileType = wrapper.cfbundle; includeInIndex = 0; path = JJUnitTesting.octest; sourceTree = BUILT_PRODUCTS_DIR; };
		10FE017C17937AAA005A218E /* SenTestingKit.framework */ = {isa = PBXFileReference; lastKnownFileType = wrapper.framework; name = SenTestingKit.framework; path = Library/Frameworks/SenTestingKit.framework; sourceTree = DEVELOPER_DIR; };
		10FE018117937AAA005A218E /* JJUnitTesting-Info.plist */ = {isa = PBXFileReference; lastKnownFileType = text.plist.xml; path = "JJUnitTesting-Info.plist"; sourceTree = "<group>"; };
		10FE018317937AAA005A218E /* en */ = {isa = PBXFileReference; lastKnownFileType = text.plist.strings; name = en; path = en.lproj/InfoPlist.strings; sourceTree = "<group>"; };
		10FE018517937AAA005A218E /* JJCameraTests.h */ = {isa = PBXFileReference; lastKnownFileType = sourcecode.c.h; path = JJCameraTests.h; sourceTree = "<group>"; };
		10FE018617937AAA005A218E /* JJCameraTests.mm */ = {isa = PBXFileReference; lastKnownFileType = sourcecode.cpp.objcpp; path = JJCameraTests.mm; sourceTree = "<group>"; };
		10FE018817937AAA005A218E /* JJUnitTesting-Prefix.pch */ = {isa = PBXFileReference; lastKnownFileType = sourcecode.c.h; path = "JJUnitTesting-Prefix.pch"; sourceTree = "<group>"; };
		10FE019317938A38005A218E /* JJAssetManagerTests.h */ = {isa = PBXFileReference; fileEncoding = 4; lastKnownFileType = sourcecode.c.h; path = JJAssetManagerTests.h; sourceTree = "<group>"; };
		10FE019417938A39005A218E /* JJAssetManagerTests.mm */ = {isa = PBXFileReference; fileEncoding = 4; lastKnownFileType = sourcecode.cpp.objcpp; path = JJAssetManagerTests.mm; sourceTree = "<group>"; };
		10FE01961793906A005A218E /* JJAssetManagerPrivate.h */ = {isa = PBXFileReference; lastKnownFileType = sourcecode.c.h; path = JJAssetManagerPrivate.h; sourceTree = "<group>"; };
		10FE019D17945ACB005A218E /* platform.png */ = {isa = PBXFileReference; lastKnownFileType = image.png; path = platform.png; sourceTree = "<group>"; };
		10FE019F17945C28005A218E /* JJMesh.h */ = {isa = PBXFileReference; fileEncoding = 4; lastKnownFileType = sourcecode.c.h; path = JJMesh.h; sourceTree = "<group>"; };
		10FE01A017945C28005A218E /* JJMesh.mm */ = {isa = PBXFileReference; fileEncoding = 4; lastKnownFileType = sourcecode.cpp.objcpp; path = JJMesh.mm; sourceTree = "<group>"; };
		10FE01A21794BA88005A218E /* platform.obj */ = {isa = PBXFileReference; fileEncoding = 4; lastKnownFileType = text; path = platform.obj; sourceTree = "<group>"; xcLanguageSpecificationIdentifier = xcode.lang.xcconfig; };
		10FE01A41794BAF5005A218E /* JJMeshTests.h */ = {isa = PBXFileReference; fileEncoding = 4; lastKnownFileType = sourcecode.c.h; path = JJMeshTests.h; sourceTree = "<group>"; };
		10FE01A51794BAF5005A218E /* JJMeshTests.mm */ = {isa = PBXFileReference; fileEncoding = 4; lastKnownFileType = sourcecode.cpp.objcpp; path = JJMeshTests.mm; sourceTree = "<group>"; };
		10FE01A71794DFC0005A218E /* JJLight.h */ = {isa = PBXFileReference; fileEncoding = 4; lastKnownFileType = sourcecode.c.h; path = JJLight.h; sourceTree = "<group>"; };
		10FE01A81794DFC1005A218E /* JJLight.mm */ = {isa = PBXFileReference; fileEncoding = 4; lastKnownFileType = sourcecode.cpp.objcpp; path = JJLight.mm; sourceTree = "<group>"; };
		10FE01AA1794E01A005A218E /* TODO.txt */ = {isa = PBXFileReference; fileEncoding = 4; lastKnownFileType = text; path = TODO.txt; sourceTree = "<group>"; };
		6130D164178EED0B004F2FA5 /* platform.vsh */ = {isa = PBXFileReference; fileEncoding = 4; lastKnownFileType = sourcecode.glsl; path = platform.vsh; sourceTree = "<group>"; xcLanguageSpecificationIdentifier = xcode.lang.glsl; };
		6130D166178EEF2F004F2FA5 /* platform.fsh */ = {isa = PBXFileReference; fileEncoding = 4; lastKnownFileType = sourcecode.glsl; path = platform.fsh; sourceTree = "<group>"; xcLanguageSpecificationIdentifier = xcode.lang.glsl; };
		6154A39B17D32BD500910FBF /* JJFloor.h */ = {isa = PBXFileReference; fileEncoding = 4; lastKnownFileType = sourcecode.c.h; path = JJFloor.h; sourceTree = "<group>"; };
		6154A39C17D32BD500910FBF /* JJFloor.mm */ = {isa = PBXFileReference; fileEncoding = 4; lastKnownFileType = sourcecode.cpp.objcpp; path = JJFloor.mm; sourceTree = "<group>"; };
		6154A39F17D32C6A00910FBF /* metal_spec.tga */ = {isa = PBXFileReference; lastKnownFileType = file; path = metal_spec.tga; sourceTree = "<group>"; };
		6154A3A217D32DD500910FBF /* floor.vsh */ = {isa = PBXFileReference; fileEncoding = 4; lastKnownFileType = sourcecode.glsl; path = floor.vsh; sourceTree = "<group>"; };
		6154A3A517D32DE100910FBF /* floor.fsh */ = {isa = PBXFileReference; fileEncoding = 4; lastKnownFileType = sourcecode.glsl; path = floor.fsh; sourceTree = "<group>"; };
		6154A3AD17D3336900910FBF /* character.vsh */ = {isa = PBXFileReference; fileEncoding = 4; lastKnownFileType = sourcecode.glsl; path = character.vsh; sourceTree = "<group>"; };
		6154A3B017D3337600910FBF /* character.fsh */ = {isa = PBXFileReference; fileEncoding = 4; lastKnownFileType = sourcecode.glsl; path = character.fsh; sourceTree = "<group>"; };
		61D3A34E17D0A4AE0050E34E /* star.fsh */ = {isa = PBXFileReference; fileEncoding = 4; lastKnownFileType = sourcecode.glsl; path = star.fsh; sourceTree = "<group>"; xcLanguageSpecificationIdentifier = xcode.lang.glsl; };
		61D3A35017D0A6E90050E34E /* star.vsh */ = {isa = PBXFileReference; fileEncoding = 4; lastKnownFileType = sourcecode.glsl; path = star.vsh; sourceTree = "<group>"; xcLanguageSpecificationIdentifier = xcode.lang.glsl; };
		61D8236C178DE0B700ABF4E4 /* JumpingJack3D.app */ = {isa = PBXFileReference; explicitFileType = wrapper.application; includeInIndex = 0; path = JumpingJack3D.app; sourceTree = BUILT_PRODUCTS_DIR; };
		61D8236F178DE0B700ABF4E4 /* Cocoa.framework */ = {isa = PBXFileReference; lastKnownFileType = wrapper.framework; name = Cocoa.framework; path = System/Library/Frameworks/Cocoa.framework; sourceTree = SDKROOT; };
		61D82372178DE0B700ABF4E4 /* AppKit.framework */ = {isa = PBXFileReference; lastKnownFileType = wrapper.framework; name = AppKit.framework; path = System/Library/Frameworks/AppKit.framework; sourceTree = SDKROOT; };
		61D82373178DE0B700ABF4E4 /* CoreData.framework */ = {isa = PBXFileReference; lastKnownFileType = wrapper.framework; name = CoreData.framework; path = System/Library/Frameworks/CoreData.framework; sourceTree = SDKROOT; };
		61D82374178DE0B700ABF4E4 /* Foundation.framework */ = {isa = PBXFileReference; lastKnownFileType = wrapper.framework; name = Foundation.framework; path = System/Library/Frameworks/Foundation.framework; sourceTree = SDKROOT; };
		61D82377178DE0B700ABF4E4 /* JumpingJack3D-Info.plist */ = {isa = PBXFileReference; lastKnownFileType = text.plist.xml; path = "JumpingJack3D-Info.plist"; sourceTree = "<group>"; };
		61D82379178DE0B700ABF4E4 /* en */ = {isa = PBXFileReference; lastKnownFileType = text.plist.strings; name = en; path = en.lproj/InfoPlist.strings; sourceTree = "<group>"; };
		61D8237B178DE0B700ABF4E4 /* main.mm */ = {isa = PBXFileReference; lastKnownFileType = sourcecode.cpp.objcpp; path = main.mm; sourceTree = "<group>"; };
		61D8237D178DE0B700ABF4E4 /* JumpingJack3D-Prefix.pch */ = {isa = PBXFileReference; lastKnownFileType = sourcecode.c.h; path = "JumpingJack3D-Prefix.pch"; sourceTree = "<group>"; };
		61D8237F178DE0B700ABF4E4 /* en */ = {isa = PBXFileReference; lastKnownFileType = text.rtf; name = en; path = en.lproj/Credits.rtf; sourceTree = "<group>"; };
		61D82381178DE0B700ABF4E4 /* AppDelegate.h */ = {isa = PBXFileReference; lastKnownFileType = sourcecode.c.h; path = AppDelegate.h; sourceTree = "<group>"; };
		61D82382178DE0B700ABF4E4 /* AppDelegate.mm */ = {isa = PBXFileReference; lastKnownFileType = sourcecode.cpp.objcpp; path = AppDelegate.mm; sourceTree = "<group>"; };
		61D82385178DE0B700ABF4E4 /* en */ = {isa = PBXFileReference; lastKnownFileType = file.xib; name = en; path = en.lproj/MainMenu.xib; sourceTree = "<group>"; };
		61D8238C178DE3FB00ABF4E4 /* JJGLView.h */ = {isa = PBXFileReference; fileEncoding = 4; lastKnownFileType = sourcecode.c.h; path = JJGLView.h; sourceTree = "<group>"; };
		61D8238D178DE3FB00ABF4E4 /* JJGLView.mm */ = {isa = PBXFileReference; fileEncoding = 4; lastKnownFileType = sourcecode.cpp.objcpp; path = JJGLView.mm; sourceTree = "<group>"; };
		61D8238F178DE6DE00ABF4E4 /* OpenGL.framework */ = {isa = PBXFileReference; lastKnownFileType = wrapper.framework; name = OpenGL.framework; path = System/Library/Frameworks/OpenGL.framework; sourceTree = SDKROOT; };
		61D82391178DE84700ABF4E4 /* JJShaderProgram.h */ = {isa = PBXFileReference; fileEncoding = 4; lastKnownFileType = sourcecode.c.h; path = JJShaderProgram.h; sourceTree = "<group>"; };
		61D82392178DE84700ABF4E4 /* JJShaderProgram.mm */ = {isa = PBXFileReference; fileEncoding = 4; lastKnownFileType = sourcecode.cpp.objcpp; path = JJShaderProgram.mm; sourceTree = "<group>"; };
		61D82395178DF9A700ABF4E4 /* JJUtilities.m */ = {isa = PBXFileReference; fileEncoding = 4; lastKnownFileType = sourcecode.c.objc; path = JJUtilities.m; sourceTree = "<group>"; };
		61D82398178DFF9E00ABF4E4 /* JJUtilities.h */ = {isa = PBXFileReference; fileEncoding = 4; lastKnownFileType = sourcecode.c.h; path = JJUtilities.h; sourceTree = "<group>"; };
		61D82399178DFFFC00ABF4E4 /* JJRenderedObject.h */ = {isa = PBXFileReference; fileEncoding = 4; lastKnownFileType = sourcecode.c.h; path = JJRenderedObject.h; sourceTree = "<group>"; };
		61D8239A178DFFFC00ABF4E4 /* JJRenderedObject.mm */ = {isa = PBXFileReference; fileEncoding = 4; lastKnownFileType = sourcecode.cpp.objcpp; path = JJRenderedObject.mm; sourceTree = "<group>"; };
		61D8239C178E11E800ABF4E4 /* JJStaticObject.h */ = {isa = PBXFileReference; fileEncoding = 4; lastKnownFileType = sourcecode.c.h; path = JJStaticObject.h; sourceTree = "<group>"; };
		61D8239D178E11E800ABF4E4 /* JJStaticObject.mm */ = {isa = PBXFileReference; fileEncoding = 4; lastKnownFileType = sourcecode.cpp.objcpp; path = JJStaticObject.mm; sourceTree = "<group>"; };
		61D8239F178E135600ABF4E4 /* JJStaticPlatform.h */ = {isa = PBXFileReference; fileEncoding = 4; lastKnownFileType = sourcecode.c.h; path = JJStaticPlatform.h; sourceTree = "<group>"; };
		61D823A0178E135600ABF4E4 /* JJStaticPlatform.mm */ = {isa = PBXFileReference; fileEncoding = 4; lastKnownFileType = sourcecode.cpp.objcpp; path = JJStaticPlatform.mm; sourceTree = "<group>"; };
		61D823A2178E137B00ABF4E4 /* JJStaticEnemy.h */ = {isa = PBXFileReference; fileEncoding = 4; lastKnownFileType = sourcecode.c.h; path = JJStaticEnemy.h; sourceTree = "<group>"; };
		61D823A3178E137B00ABF4E4 /* JJStaticEnemy.mm */ = {isa = PBXFileReference; fileEncoding = 4; lastKnownFileType = sourcecode.cpp.objcpp; path = JJStaticEnemy.mm; sourceTree = "<group>"; };
		61D823A5178E13BE00ABF4E4 /* JJDynamicObject.h */ = {isa = PBXFileReference; fileEncoding = 4; lastKnownFileType = sourcecode.c.h; path = JJDynamicObject.h; sourceTree = "<group>"; };
		61D823A6178E13BE00ABF4E4 /* JJDynamicObject.mm */ = {isa = PBXFileReference; fileEncoding = 4; lastKnownFileType = sourcecode.cpp.objcpp; path = JJDynamicObject.mm; sourceTree = "<group>"; };
		61D823A8178E13ED00ABF4E4 /* JJDynamicPlatform.h */ = {isa = PBXFileReference; fileEncoding = 4; lastKnownFileType = sourcecode.c.h; path = JJDynamicPlatform.h; sourceTree = "<group>"; };
		61D823A9178E13ED00ABF4E4 /* JJDynamicPlatform.mm */ = {isa = PBXFileReference; fileEncoding = 4; lastKnownFileType = sourcecode.cpp.objcpp; path = JJDynamicPlatform.mm; sourceTree = "<group>"; };
		61D823AB178E143300ABF4E4 /* JJDynamicEnemy.h */ = {isa = PBXFileReference; fileEncoding = 4; lastKnownFileType = sourcecode.c.h; path = JJDynamicEnemy.h; sourceTree = "<group>"; };
		61D823AC178E143300ABF4E4 /* JJDynamicEnemy.mm */ = {isa = PBXFileReference; fileEncoding = 4; lastKnownFileType = sourcecode.cpp.objcpp; path = JJDynamicEnemy.mm; sourceTree = "<group>"; };
		61D823AE178E149400ABF4E4 /* JJCharacter.h */ = {isa = PBXFileReference; fileEncoding = 4; lastKnownFileType = sourcecode.c.h; path = JJCharacter.h; sourceTree = "<group>"; };
		61D823AF178E149400ABF4E4 /* JJCharacter.mm */ = {isa = PBXFileReference; fileEncoding = 4; lastKnownFileType = sourcecode.cpp.objcpp; path = JJCharacter.mm; sourceTree = "<group>"; };
/* End PBXFileReference section */

/* Begin PBXFrameworksBuildPhase section */
		10FE017717937AAA005A218E /* Frameworks */ = {
			isa = PBXFrameworksBuildPhase;
			buildActionMask = 2147483647;
			files = (
				10FE017D17937AAA005A218E /* SenTestingKit.framework in Frameworks */,
				10FE017E17937AAA005A218E /* Cocoa.framework in Frameworks */,
			);
			runOnlyForDeploymentPostprocessing = 0;
		};
		61D82369178DE0B700ABF4E4 /* Frameworks */ = {
			isa = PBXFrameworksBuildPhase;
			buildActionMask = 2147483647;
			files = (
				61D82390178DE6DE00ABF4E4 /* OpenGL.framework in Frameworks */,
				61D82370178DE0B700ABF4E4 /* Cocoa.framework in Frameworks */,
			);
			runOnlyForDeploymentPostprocessing = 0;
		};
/* End PBXFrameworksBuildPhase section */

/* Begin PBXGroup section */
		10BE5C2F17BE874000F5A07B /* Core */ = {
			isa = PBXGroup;
			children = (
				10BE5C3217BE879200F5A07B /* JJObjectManager.h */,
				10BE5C3317BE879200F5A07B /* JJObjectManager.mm */,
				61D8238C178DE3FB00ABF4E4 /* JJGLView.h */,
				61D8238D178DE3FB00ABF4E4 /* JJGLView.mm */,
				61D82381178DE0B700ABF4E4 /* AppDelegate.h */,
				61D82382178DE0B700ABF4E4 /* AppDelegate.mm */,
				10BE5C3917BECA4D00F5A07B /* JJMapGenerator.h */,
				10BE5C3A17BECA4D00F5A07B /* JJMapGenerator.mm */,
				10C577C617BEF07600007FCE /* JJMapGeneratorPrivate.h */,
				10C6AFD417D5BF7F00C87936 /* JJScore.h */,
				10C6AFD517D5BF7F00C87936 /* JJScore.m */,
			);
			name = Core;
			sourceTree = "<group>";
		};
		10BE5C3117BE876100F5A07B /* Utility */ = {
			isa = PBXGroup;
			children = (
				61D82395178DF9A700ABF4E4 /* JJUtilities.m */,
				61D82398178DFF9E00ABF4E4 /* JJUtilities.h */,
			);
			name = Utility;
			sourceTree = "<group>";
		};
		10FE016D179379AC005A218E /* AssetManager */ = {
			isa = PBXGroup;
			children = (
				10FE016E179379D3005A218E /* JJAssetManager.h */,
				10FE016F179379D3005A218E /* JJAssetManager.mm */,
				10FE01961793906A005A218E /* JJAssetManagerPrivate.h */,
				61D82391178DE84700ABF4E4 /* JJShaderProgram.h */,
				61D82392178DE84700ABF4E4 /* JJShaderProgram.mm */,
				10FE019F17945C28005A218E /* JJMesh.h */,
				10FE01A017945C28005A218E /* JJMesh.mm */,
			);
			name = AssetManager;
			sourceTree = "<group>";
		};
		10FE0171179379F4005A218E /* Camera */ = {
			isa = PBXGroup;
			children = (
				10FE017217937A0B005A218E /* JJCamera.h */,
				10FE017317937A0B005A218E /* JJCamera.mm */,
				10FE017517937A1B005A218E /* JJCameraPrivate.h */,
			);
			name = Camera;
			sourceTree = "<group>";
		};
		10FE017F17937AAA005A218E /* JJUnitTesting */ = {
			isa = PBXGroup;
			children = (
				10FE018517937AAA005A218E /* JJCameraTests.h */,
				10FE018617937AAA005A218E /* JJCameraTests.mm */,
				10FE019317938A38005A218E /* JJAssetManagerTests.h */,
				10FE019417938A39005A218E /* JJAssetManagerTests.mm */,
				10FE01A41794BAF5005A218E /* JJMeshTests.h */,
				10FE01A51794BAF5005A218E /* JJMeshTests.mm */,
				10C577C317BEE9C500007FCE /* JJMapGeneratorTests.h */,
				10C577C417BEE9C500007FCE /* JJMapGeneratorTests.mm */,
				1018D38917C7DE77009494D8 /* JJCharacterTests.h */,
				1018D38A17C7DE77009494D8 /* JJCharacterTests.mm */,
				10FE018017937AAA005A218E /* Supporting Files */,
			);
			path = JJUnitTesting;
			sourceTree = "<group>";
		};
		10FE018017937AAA005A218E /* Supporting Files */ = {
			isa = PBXGroup;
			children = (
				10FE018117937AAA005A218E /* JJUnitTesting-Info.plist */,
				10FE018217937AAA005A218E /* InfoPlist.strings */,
				10FE018817937AAA005A218E /* JJUnitTesting-Prefix.pch */,
			);
			name = "Supporting Files";
			sourceTree = "<group>";
		};
		10FE018C17937D2A005A218E /* assets */ = {
			isa = PBXGroup;
			children = (
				109709F517B6773200B51086 /* teapot.h */,
				10FE018E17937D83005A218E /* textures */,
				10FE018D17937D72005A218E /* models */,
				6130D168178EF36F004F2FA5 /* shaders */,
			);
			path = assets;
			sourceTree = "<group>";
		};
		10FE018D17937D72005A218E /* models */ = {
			isa = PBXGroup;
			children = (
				1023A89317CF96DF007659CE /* circle.obj */,
				103F046E17C696EC004A357E /* eye.obj */,
				10BE5C3717BE8F4E00F5A07B /* floor.obj */,
				100BBAC117D6977C00ADE983 /* star.obj */,
				10C3A91717CE745D00003884 /* ball.obj */,
				1018D38517C7A67A009494D8 /* sphere.obj */,
				10989BE217B2FDD4005B5599 /* Football.obj */,
				10970A0517B6E58A00B51086 /* cube.obj */,
				10FE01A21794BA88005A218E /* platform.obj */,
			);
			path = models;
			sourceTree = "<group>";
		};
		10FE018E17937D83005A218E /* textures */ = {
			isa = PBXGroup;
			children = (
				103F046817C665CD004A357E /* eye.jpg */,
				10C3A91517CE745400003884 /* ball.jpg */,
				1023A89117CF96D5007659CE /* circle.jpg */,
				1018D38717C7D0E8009494D8 /* sphere.jpg */,
				100BBABF17D6976E00ADE983 /* star.jpg */,
				10BE5C3517BE8E5F00F5A07B /* floor.jpg */,
				109709F617B6774600B51086 /* metal.tga */,
				6154A39F17D32C6A00910FBF /* metal_spec.tga */,
				10BE5C2D17BE868E00F5A07B /* cube.jpg */,
				10FE019D17945ACB005A218E /* platform.png */,
			);
			path = textures;
			sourceTree = "<group>";
		};
		6130D168178EF36F004F2FA5 /* shaders */ = {
			isa = PBXGroup;
			children = (
				61D3A34E17D0A4AE0050E34E /* star.fsh */,
				61D3A35017D0A6E90050E34E /* star.vsh */,
				6130D164178EED0B004F2FA5 /* platform.vsh */,
				6130D166178EEF2F004F2FA5 /* platform.fsh */,
				6154A3A217D32DD500910FBF /* floor.vsh */,
				6154A3A517D32DE100910FBF /* floor.fsh */,
				6154A3AD17D3336900910FBF /* character.vsh */,
				6154A3B017D3337600910FBF /* character.fsh */,
			);
			path = shaders;
			sourceTree = "<group>";
		};
		615F64E31797E29D00A44195 /* Light */ = {
			isa = PBXGroup;
			children = (
				10FE01A71794DFC0005A218E /* JJLight.h */,
				10FE01A81794DFC1005A218E /* JJLight.mm */,
			);
			name = Light;
			sourceTree = "<group>";
		};
		615F64E41797E2DF00A44195 /* RenderableObjects */ = {
			isa = PBXGroup;
			children = (
				61D82399178DFFFC00ABF4E4 /* JJRenderedObject.h */,
				61D8239A178DFFFC00ABF4E4 /* JJRenderedObject.mm */,
				61D8239C178E11E800ABF4E4 /* JJStaticObject.h */,
				61D8239D178E11E800ABF4E4 /* JJStaticObject.mm */,
				61D8239F178E135600ABF4E4 /* JJStaticPlatform.h */,
				61D823A0178E135600ABF4E4 /* JJStaticPlatform.mm */,
				6154A39B17D32BD500910FBF /* JJFloor.h */,
				6154A39C17D32BD500910FBF /* JJFloor.mm */,
				61D823A2178E137B00ABF4E4 /* JJStaticEnemy.h */,
				61D823A3178E137B00ABF4E4 /* JJStaticEnemy.mm */,
				61D823A5178E13BE00ABF4E4 /* JJDynamicObject.h */,
				61D823A6178E13BE00ABF4E4 /* JJDynamicObject.mm */,
				61D823A8178E13ED00ABF4E4 /* JJDynamicPlatform.h */,
				61D823A9178E13ED00ABF4E4 /* JJDynamicPlatform.mm */,
				61D823AB178E143300ABF4E4 /* JJDynamicEnemy.h */,
				61D823AC178E143300ABF4E4 /* JJDynamicEnemy.mm */,
				61D823AE178E149400ABF4E4 /* JJCharacter.h */,
				61D823AF178E149400ABF4E4 /* JJCharacter.mm */,
			);
			name = RenderableObjects;
			sourceTree = "<group>";
		};
		61D82363178DE0B700ABF4E4 = {
			isa = PBXGroup;
			children = (
				10FE01AA1794E01A005A218E /* TODO.txt */,
				61D8238F178DE6DE00ABF4E4 /* OpenGL.framework */,
				61D82375178DE0B700ABF4E4 /* JumpingJack3D */,
				10FE017F17937AAA005A218E /* JJUnitTesting */,
				61D8236E178DE0B700ABF4E4 /* Frameworks */,
				61D8236D178DE0B700ABF4E4 /* Products */,
			);
			sourceTree = "<group>";
		};
		61D8236D178DE0B700ABF4E4 /* Products */ = {
			isa = PBXGroup;
			children = (
				61D8236C178DE0B700ABF4E4 /* JumpingJack3D.app */,
				10FE017B17937AAA005A218E /* JJUnitTesting.octest */,
			);
			name = Products;
			sourceTree = "<group>";
		};
		61D8236E178DE0B700ABF4E4 /* Frameworks */ = {
			isa = PBXGroup;
			children = (
				61D8236F178DE0B700ABF4E4 /* Cocoa.framework */,
				10FE017C17937AAA005A218E /* SenTestingKit.framework */,
				61D82371178DE0B700ABF4E4 /* Other Frameworks */,
			);
			name = Frameworks;
			sourceTree = "<group>";
		};
		61D82371178DE0B700ABF4E4 /* Other Frameworks */ = {
			isa = PBXGroup;
			children = (
				61D82372178DE0B700ABF4E4 /* AppKit.framework */,
				61D82373178DE0B700ABF4E4 /* CoreData.framework */,
				61D82374178DE0B700ABF4E4 /* Foundation.framework */,
			);
			name = "Other Frameworks";
			sourceTree = "<group>";
		};
		61D82375178DE0B700ABF4E4 /* JumpingJack3D */ = {
			isa = PBXGroup;
			children = (
				10BE5C2F17BE874000F5A07B /* Core */,
				615F64E41797E2DF00A44195 /* RenderableObjects */,
				10FE0171179379F4005A218E /* Camera */,
				10FE016D179379AC005A218E /* AssetManager */,
				615F64E31797E29D00A44195 /* Light */,
				10BE5C3117BE876100F5A07B /* Utility */,
				61D82376178DE0B700ABF4E4 /* Supporting Files */,
				10FE018C17937D2A005A218E /* assets */,
			);
			path = JumpingJack3D;
			sourceTree = "<group>";
		};
		61D82376178DE0B700ABF4E4 /* Supporting Files */ = {
			isa = PBXGroup;
			children = (
				61D82384178DE0B700ABF4E4 /* MainMenu.xib */,
				61D82377178DE0B700ABF4E4 /* JumpingJack3D-Info.plist */,
				61D82378178DE0B700ABF4E4 /* InfoPlist.strings */,
				61D8237B178DE0B700ABF4E4 /* main.mm */,
				61D8237D178DE0B700ABF4E4 /* JumpingJack3D-Prefix.pch */,
				61D8237E178DE0B700ABF4E4 /* Credits.rtf */,
			);
			name = "Supporting Files";
			sourceTree = "<group>";
		};
/* End PBXGroup section */

/* Begin PBXNativeTarget section */
		10FE017A17937AAA005A218E /* JJUnitTesting */ = {
			isa = PBXNativeTarget;
			buildConfigurationList = 10FE018917937AAA005A218E /* Build configuration list for PBXNativeTarget "JJUnitTesting" */;
			buildPhases = (
				10FE017617937AAA005A218E /* Sources */,
				10FE017717937AAA005A218E /* Frameworks */,
				10FE017817937AAA005A218E /* Resources */,
				10FE017917937AAA005A218E /* ShellScript */,
			);
			buildRules = (
			);
			dependencies = (
			);
			name = JJUnitTesting;
			productName = JJUnitTesting;
			productReference = 10FE017B17937AAA005A218E /* JJUnitTesting.octest */;
			productType = "com.apple.product-type.bundle";
		};
		61D8236B178DE0B700ABF4E4 /* JumpingJack3D */ = {
			isa = PBXNativeTarget;
			buildConfigurationList = 61D82389178DE0B700ABF4E4 /* Build configuration list for PBXNativeTarget "JumpingJack3D" */;
			buildPhases = (
				61D82368178DE0B700ABF4E4 /* Sources */,
				61D82369178DE0B700ABF4E4 /* Frameworks */,
				61D8236A178DE0B700ABF4E4 /* Resources */,
			);
			buildRules = (
			);
			dependencies = (
			);
			name = JumpingJack3D;
			productName = JumpingJack3D;
			productReference = 61D8236C178DE0B700ABF4E4 /* JumpingJack3D.app */;
			productType = "com.apple.product-type.application";
		};
/* End PBXNativeTarget section */

/* Begin PBXProject section */
		61D82364178DE0B700ABF4E4 /* Project object */ = {
			isa = PBXProject;
			attributes = {
				LastUpgradeCheck = 0460;
				ORGANIZATIONNAME = "Mateusz Rybarski";
			};
			buildConfigurationList = 61D82367178DE0B700ABF4E4 /* Build configuration list for PBXProject "JumpingJack3D" */;
			compatibilityVersion = "Xcode 3.2";
			developmentRegion = English;
			hasScannedForEncodings = 0;
			knownRegions = (
				en,
			);
			mainGroup = 61D82363178DE0B700ABF4E4;
			productRefGroup = 61D8236D178DE0B700ABF4E4 /* Products */;
			projectDirPath = "";
			projectRoot = "";
			targets = (
				61D8236B178DE0B700ABF4E4 /* JumpingJack3D */,
				10FE017A17937AAA005A218E /* JJUnitTesting */,
			);
		};
/* End PBXProject section */

/* Begin PBXResourcesBuildPhase section */
		10FE017817937AAA005A218E /* Resources */ = {
			isa = PBXResourcesBuildPhase;
			buildActionMask = 2147483647;
			files = (
				10FE018417937AAA005A218E /* InfoPlist.strings in Resources */,
				109709F817B6774600B51086 /* metal.tga in Resources */,
				10970A0717B6E58A00B51086 /* cube.obj in Resources */,
				6154A3A117D32C6A00910FBF /* metal_spec.tga in Resources */,
			);
			runOnlyForDeploymentPostprocessing = 0;
		};
		61D8236A178DE0B700ABF4E4 /* Resources */ = {
			isa = PBXResourcesBuildPhase;
			buildActionMask = 2147483647;
			files = (
				6154A3B317D333BD00910FBF /* character.vsh in Resources */,
				6154A3B417D333BD00910FBF /* character.fsh in Resources */,
				6154A3A817D32E4E00910FBF /* floor.vsh in Resources */,
				6154A3A917D32E4E00910FBF /* floor.fsh in Resources */,
				103552EB17D0E37800FFB359 /* star.fsh in Resources */,
				103552EC17D0E37800FFB359 /* star.vsh in Resources */,
				61D8237A178DE0B700ABF4E4 /* InfoPlist.strings in Resources */,
				61D82380178DE0B700ABF4E4 /* Credits.rtf in Resources */,
				61D82386178DE0B700ABF4E4 /* MainMenu.xib in Resources */,
				6130D165178EED0B004F2FA5 /* platform.vsh in Resources */,
				6130D167178EEF2F004F2FA5 /* platform.fsh in Resources */,
				10FE019E17945ACB005A218E /* platform.png in Resources */,
				10FE01A31794BA88005A218E /* platform.obj in Resources */,
				10FE01AB1794E01A005A218E /* TODO.txt in Resources */,
				10989BE317B2FDD4005B5599 /* Football.obj in Resources */,
				109709F717B6774600B51086 /* metal.tga in Resources */,
				10970A0617B6E58A00B51086 /* cube.obj in Resources */,
				10BE5C2E17BE868E00F5A07B /* cube.jpg in Resources */,
				10BE5C3617BE8E5F00F5A07B /* floor.jpg in Resources */,
				10BE5C3817BE8F4E00F5A07B /* floor.obj in Resources */,
				103F046917C665CD004A357E /* eye.jpg in Resources */,
				103F046F17C696EC004A357E /* eye.obj in Resources */,
				1018D38617C7A67A009494D8 /* sphere.obj in Resources */,
				1018D38817C7D0E8009494D8 /* sphere.jpg in Resources */,
				10C3A91617CE745400003884 /* ball.jpg in Resources */,
				10C3A91817CE745D00003884 /* ball.obj in Resources */,
				1023A89217CF96D5007659CE /* circle.jpg in Resources */,
				1023A89417CF96DF007659CE /* circle.obj in Resources */,
				6154A3A017D32C6A00910FBF /* metal_spec.tga in Resources */,
				100BBAC017D6976E00ADE983 /* star.jpg in Resources */,
				100BBAC217D6977C00ADE983 /* star.obj in Resources */,
			);
			runOnlyForDeploymentPostprocessing = 0;
		};
/* End PBXResourcesBuildPhase section */

/* Begin PBXShellScriptBuildPhase section */
		10FE017917937AAA005A218E /* ShellScript */ = {
			isa = PBXShellScriptBuildPhase;
			buildActionMask = 2147483647;
			files = (
			);
			inputPaths = (
			);
			outputPaths = (
			);
			runOnlyForDeploymentPostprocessing = 0;
			shellPath = /bin/sh;
			shellScript = "# Run the unit tests in this test bundle.\n\"${SYSTEM_DEVELOPER_DIR}/Tools/RunUnitTests\"\n";
		};
/* End PBXShellScriptBuildPhase section */

/* Begin PBXSourcesBuildPhase section */
		10FE017617937AAA005A218E /* Sources */ = {
			isa = PBXSourcesBuildPhase;
			buildActionMask = 2147483647;
			files = (
				10FE018717937AAA005A218E /* JJCameraTests.mm in Sources */,
				10FE019517938A39005A218E /* JJAssetManagerTests.mm in Sources */,
				10FE01A61794BAF5005A218E /* JJMeshTests.mm in Sources */,
				10C577C517BEE9C500007FCE /* JJMapGeneratorTests.mm in Sources */,
				1018D38B17C7DE77009494D8 /* JJCharacterTests.mm in Sources */,
				6154A39E17D32BD500910FBF /* JJFloor.mm in Sources */,
				6154A3A417D32DD500910FBF /* floor.vsh in Sources */,
				6154A3A717D32DE100910FBF /* floor.fsh in Sources */,
				6154A3AF17D3336900910FBF /* character.vsh in Sources */,
				6154A3B217D3337600910FBF /* character.fsh in Sources */,
			);
			runOnlyForDeploymentPostprocessing = 0;
		};
		61D82368178DE0B700ABF4E4 /* Sources */ = {
			isa = PBXSourcesBuildPhase;
			buildActionMask = 2147483647;
			files = (
				61D8237C178DE0B700ABF4E4 /* main.mm in Sources */,
				61D82383178DE0B700ABF4E4 /* AppDelegate.mm in Sources */,
				61D8238E178DE3FC00ABF4E4 /* JJGLView.mm in Sources */,
				61D82393178DE84700ABF4E4 /* JJShaderProgram.mm in Sources */,
				61D82396178DF9A700ABF4E4 /* JJUtilities.m in Sources */,
				61D8239B178DFFFC00ABF4E4 /* JJRenderedObject.mm in Sources */,
				61D8239E178E11E800ABF4E4 /* JJStaticObject.mm in Sources */,
				61D823A1178E135600ABF4E4 /* JJStaticPlatform.mm in Sources */,
				61D823A4178E137C00ABF4E4 /* JJStaticEnemy.mm in Sources */,
				61D823A7178E13BE00ABF4E4 /* JJDynamicObject.mm in Sources */,
				61D823AA178E13ED00ABF4E4 /* JJDynamicPlatform.mm in Sources */,
				61D823AD178E143300ABF4E4 /* JJDynamicEnemy.mm in Sources */,
				61D823B0178E149400ABF4E4 /* JJCharacter.mm in Sources */,
				10FE0170179379D3005A218E /* JJAssetManager.mm in Sources */,
				10FE017417937A0B005A218E /* JJCamera.mm in Sources */,
				10FE01A117945C28005A218E /* JJMesh.mm in Sources */,
				10FE01A91794DFC1005A218E /* JJLight.mm in Sources */,
				10BE5C3417BE879200F5A07B /* JJObjectManager.mm in Sources */,
				10BE5C3B17BECA4D00F5A07B /* JJMapGenerator.mm in Sources */,
				61D3A34F17D0A4AF0050E34E /* star.fsh in Sources */,
				61D3A35117D0A6E90050E34E /* star.vsh in Sources */,
				6154A39D17D32BD500910FBF /* JJFloor.mm in Sources */,
				6154A3A317D32DD500910FBF /* floor.vsh in Sources */,
				6154A3A617D32DE100910FBF /* floor.fsh in Sources */,
				6154A3AE17D3336900910FBF /* character.vsh in Sources */,
				6154A3B117D3337600910FBF /* character.fsh in Sources */,
				10C6AFD617D5BF8000C87936 /* JJScore.m in Sources */,
			);
			runOnlyForDeploymentPostprocessing = 0;
		};
/* End PBXSourcesBuildPhase section */

/* Begin PBXVariantGroup section */
		10FE018217937AAA005A218E /* InfoPlist.strings */ = {
			isa = PBXVariantGroup;
			children = (
				10FE018317937AAA005A218E /* en */,
			);
			name = InfoPlist.strings;
			sourceTree = "<group>";
		};
		61D82378178DE0B700ABF4E4 /* InfoPlist.strings */ = {
			isa = PBXVariantGroup;
			children = (
				61D82379178DE0B700ABF4E4 /* en */,
			);
			name = InfoPlist.strings;
			sourceTree = "<group>";
		};
		61D8237E178DE0B700ABF4E4 /* Credits.rtf */ = {
			isa = PBXVariantGroup;
			children = (
				61D8237F178DE0B700ABF4E4 /* en */,
			);
			name = Credits.rtf;
			sourceTree = "<group>";
		};
		61D82384178DE0B700ABF4E4 /* MainMenu.xib */ = {
			isa = PBXVariantGroup;
			children = (
				61D82385178DE0B700ABF4E4 /* en */,
			);
			name = MainMenu.xib;
			sourceTree = "<group>";
		};
/* End PBXVariantGroup section */

/* Begin XCBuildConfiguration section */
		10FE018A17937AAA005A218E /* Debug */ = {
			isa = XCBuildConfiguration;
			buildSettings = {
				BUNDLE_LOADER = "$(BUILT_PRODUCTS_DIR)/JumpingJack3D.app/Contents/MacOS/JumpingJack3D";
				COMBINE_HIDPI_IMAGES = YES;
				FRAMEWORK_SEARCH_PATHS = "\"$(DEVELOPER_LIBRARY_DIR)/Frameworks\"";
				GCC_PRECOMPILE_PREFIX_HEADER = YES;
				GCC_PREFIX_HEADER = "JJUnitTesting/JJUnitTesting-Prefix.pch";
				INFOPLIST_FILE = "JJUnitTesting/JJUnitTesting-Info.plist";
				PRODUCT_NAME = "$(TARGET_NAME)";
				TEST_HOST = "$(BUNDLE_LOADER)";
				WRAPPER_EXTENSION = octest;
			};
			name = Debug;
		};
		10FE018B17937AAA005A218E /* Release */ = {
			isa = XCBuildConfiguration;
			buildSettings = {
				BUNDLE_LOADER = "$(BUILT_PRODUCTS_DIR)/JumpingJack3D.app/Contents/MacOS/JumpingJack3D";
				COMBINE_HIDPI_IMAGES = YES;
				FRAMEWORK_SEARCH_PATHS = "\"$(DEVELOPER_LIBRARY_DIR)/Frameworks\"";
				GCC_PRECOMPILE_PREFIX_HEADER = YES;
				GCC_PREFIX_HEADER = "JJUnitTesting/JJUnitTesting-Prefix.pch";
				INFOPLIST_FILE = "JJUnitTesting/JJUnitTesting-Info.plist";
				PRODUCT_NAME = "$(TARGET_NAME)";
				TEST_HOST = "$(BUNDLE_LOADER)";
				WRAPPER_EXTENSION = octest;
			};
			name = Release;
		};
		61D82387178DE0B700ABF4E4 /* Debug */ = {
			isa = XCBuildConfiguration;
			buildSettings = {
				ALWAYS_SEARCH_USER_PATHS = NO;
				ARCHS = "$(ARCHS_STANDARD_64_BIT)";
				CLANG_CXX_LANGUAGE_STANDARD = "gnu++0x";
				CLANG_CXX_LIBRARY = "libc++";
				CLANG_ENABLE_OBJC_ARC = YES;
				CLANG_WARN_CONSTANT_CONVERSION = YES;
				CLANG_WARN_EMPTY_BODY = YES;
				CLANG_WARN_ENUM_CONVERSION = YES;
				CLANG_WARN_INT_CONVERSION = YES;
				CLANG_WARN__DUPLICATE_METHOD_MATCH = YES;
				COPY_PHASE_STRIP = NO;
				GCC_C_LANGUAGE_STANDARD = gnu99;
				GCC_DYNAMIC_NO_PIC = NO;
				GCC_ENABLE_OBJC_EXCEPTIONS = YES;
				GCC_OPTIMIZATION_LEVEL = 0;
				GCC_PREPROCESSOR_DEFINITIONS = (
					"DEBUG=1",
					"$(inherited)",
				);
				GCC_SYMBOLS_PRIVATE_EXTERN = NO;
				GCC_WARN_64_TO_32_BIT_CONVERSION = YES;
				GCC_WARN_ABOUT_RETURN_TYPE = YES;
				GCC_WARN_UNINITIALIZED_AUTOS = YES;
				GCC_WARN_UNUSED_VARIABLE = YES;
				MACOSX_DEPLOYMENT_TARGET = 10.8;
				ONLY_ACTIVE_ARCH = YES;
				SDKROOT = macosx;
			};
			name = Debug;
		};
		61D82388178DE0B700ABF4E4 /* Release */ = {
			isa = XCBuildConfiguration;
			buildSettings = {
				ALWAYS_SEARCH_USER_PATHS = NO;
				ARCHS = "$(ARCHS_STANDARD_64_BIT)";
				CLANG_CXX_LANGUAGE_STANDARD = "gnu++0x";
				CLANG_CXX_LIBRARY = "libc++";
				CLANG_ENABLE_OBJC_ARC = YES;
				CLANG_WARN_CONSTANT_CONVERSION = YES;
				CLANG_WARN_EMPTY_BODY = YES;
				CLANG_WARN_ENUM_CONVERSION = YES;
				CLANG_WARN_INT_CONVERSION = YES;
				CLANG_WARN__DUPLICATE_METHOD_MATCH = YES;
				COPY_PHASE_STRIP = YES;
				DEBUG_INFORMATION_FORMAT = "dwarf-with-dsym";
				GCC_C_LANGUAGE_STANDARD = gnu99;
				GCC_ENABLE_OBJC_EXCEPTIONS = YES;
				GCC_WARN_64_TO_32_BIT_CONVERSION = YES;
				GCC_WARN_ABOUT_RETURN_TYPE = YES;
				GCC_WARN_UNINITIALIZED_AUTOS = YES;
				GCC_WARN_UNUSED_VARIABLE = YES;
				MACOSX_DEPLOYMENT_TARGET = 10.8;
				SDKROOT = macosx;
			};
			name = Release;
		};
		61D8238A178DE0B700ABF4E4 /* Debug */ = {
			isa = XCBuildConfiguration;
			buildSettings = {
				COMBINE_HIDPI_IMAGES = YES;
				GCC_PRECOMPILE_PREFIX_HEADER = YES;
				GCC_PREFIX_HEADER = "JumpingJack3D/JumpingJack3D-Prefix.pch";
				INFOPLIST_FILE = "JumpingJack3D/JumpingJack3D-Info.plist";
				PRODUCT_NAME = "$(TARGET_NAME)";
				WRAPPER_EXTENSION = app;
			};
			name = Debug;
		};
		61D8238B178DE0B700ABF4E4 /* Release */ = {
			isa = XCBuildConfiguration;
			buildSettings = {
				COMBINE_HIDPI_IMAGES = YES;
				GCC_PRECOMPILE_PREFIX_HEADER = YES;
				GCC_PREFIX_HEADER = "JumpingJack3D/JumpingJack3D-Prefix.pch";
				INFOPLIST_FILE = "JumpingJack3D/JumpingJack3D-Info.plist";
				PRODUCT_NAME = "$(TARGET_NAME)";
				WRAPPER_EXTENSION = app;
			};
			name = Release;
		};
/* End XCBuildConfiguration section */

/* Begin XCConfigurationList section */
		10FE018917937AAA005A218E /* Build configuration list for PBXNativeTarget "JJUnitTesting" */ = {
			isa = XCConfigurationList;
			buildConfigurations = (
				10FE018A17937AAA005A218E /* Debug */,
				10FE018B17937AAA005A218E /* Release */,
			);
			defaultConfigurationIsVisible = 0;
			defaultConfigurationName = Release;
		};
		61D82367178DE0B700ABF4E4 /* Build configuration list for PBXProject "JumpingJack3D" */ = {
			isa = XCConfigurationList;
			buildConfigurations = (
				61D82387178DE0B700ABF4E4 /* Debug */,
				61D82388178DE0B700ABF4E4 /* Release */,
			);
			defaultConfigurationIsVisible = 0;
			defaultConfigurationName = Release;
		};
		61D82389178DE0B700ABF4E4 /* Build configuration list for PBXNativeTarget "JumpingJack3D" */ = {
			isa = XCConfigurationList;
			buildConfigurations = (
				61D8238A178DE0B700ABF4E4 /* Debug */,
				61D8238B178DE0B700ABF4E4 /* Release */,
			);
			defaultConfigurationIsVisible = 0;
			defaultConfigurationName = Release;
		};
/* End XCConfigurationList section */
	};
	rootObject = 61D82364178DE0B700ABF4E4 /* Project object */;
}
